
Microsoft Visual Studio Solution File, Format Version 12.00
# Visual Studio 15
VisualStudioVersion = 15.0.26124.0
MinimumVisualStudioVersion = 15.0.26124.0
Project("{2150E333-8FDC-42A3-9474-1A3956D46DE8}") = "src", "src", "{27576DED-BB59-45A0-8C87-5D358F9E9260}"
EndProject
Project("{F2A71F9B-5D33-465A-A702-920D77279786}") = "Library", "src\Library\Library.fsproj", "{33625D5E-9FF7-4EF8-AEBF-AF7FA37A7BB7}"
EndProject
Project("{F2A71F9B-5D33-465A-A702-920D77279786}") = "App", "src\App\App.fsproj", "{727CB8A5-A8D9-44EE-AE5B-462B281485F3}"
EndProject
Global
	GlobalSection(SolutionConfigurationPlatforms) = preSolution
		Debug|Any CPU = Debug|Any CPU
		Debug|x64 = Debug|x64
		Debug|x86 = Debug|x86
		Release|Any CPU = Release|Any CPU
		Release|x64 = Release|x64
		Release|x86 = Release|x86
	EndGlobalSection
	GlobalSection(SolutionProperties) = preSolution
		HideSolutionNode = FALSE
	EndGlobalSection
	GlobalSection(ProjectConfigurationPlatforms) = postSolution
		{33625D5E-9FF7-4EF8-AEBF-AF7FA37A7BB7}.Debug|Any CPU.ActiveCfg = Debug|Any CPU
		{33625D5E-9FF7-4EF8-AEBF-AF7FA37A7BB7}.Debug|Any CPU.Build.0 = Debug|Any CPU
		{33625D5E-9FF7-4EF8-AEBF-AF7FA37A7BB7}.Debug|x64.ActiveCfg = Debug|Any CPU
		{33625D5E-9FF7-4EF8-AEBF-AF7FA37A7BB7}.Debug|x64.Build.0 = Debug|Any CPU
		{33625D5E-9FF7-4EF8-AEBF-AF7FA37A7BB7}.Debug|x86.ActiveCfg = Debug|Any CPU
		{33625D5E-9FF7-4EF8-AEBF-AF7FA37A7BB7}.Debug|x86.Build.0 = Debug|Any CPU
		{33625D5E-9FF7-4EF8-AEBF-AF7FA37A7BB7}.Release|Any CPU.ActiveCfg = Release|Any CPU
		{33625D5E-9FF7-4EF8-AEBF-AF7FA37A7BB7}.Release|Any CPU.Build.0 = Release|Any CPU
		{33625D5E-9FF7-4EF8-AEBF-AF7FA37A7BB7}.Release|x64.ActiveCfg = Release|Any CPU
		{33625D5E-9FF7-4EF8-AEBF-AF7FA37A7BB7}.Release|x64.Build.0 = Release|Any CPU
		{33625D5E-9FF7-4EF8-AEBF-AF7FA37A7BB7}.Release|x86.ActiveCfg = Release|Any CPU
		{33625D5E-9FF7-4EF8-AEBF-AF7FA37A7BB7}.Release|x86.Build.0 = Release|Any CPU
		{727CB8A5-A8D9-44EE-AE5B-462B281485F3}.Debug|Any CPU.ActiveCfg = Debug|Any CPU
		{727CB8A5-A8D9-44EE-AE5B-462B281485F3}.Debug|Any CPU.Build.0 = Debug|Any CPU
		{727CB8A5-A8D9-44EE-AE5B-462B281485F3}.Debug|x64.ActiveCfg = Debug|Any CPU
		{727CB8A5-A8D9-44EE-AE5B-462B281485F3}.Debug|x64.Build.0 = Debug|Any CPU
		{727CB8A5-A8D9-44EE-AE5B-462B281485F3}.Debug|x86.ActiveCfg = Debug|Any CPU
		{727CB8A5-A8D9-44EE-AE5B-462B281485F3}.Debug|x86.Build.0 = Debug|Any CPU
		{727CB8A5-A8D9-44EE-AE5B-462B281485F3}.Release|Any CPU.ActiveCfg = Release|Any CPU
		{727CB8A5-A8D9-44EE-AE5B-462B281485F3}.Release|Any CPU.Build.0 = Release|Any CPU
		{727CB8A5-A8D9-44EE-AE5B-462B281485F3}.Release|x64.ActiveCfg = Release|Any CPU
		{727CB8A5-A8D9-44EE-AE5B-462B281485F3}.Release|x64.Build.0 = Release|Any CPU
		{727CB8A5-A8D9-44EE-AE5B-462B281485F3}.Release|x86.ActiveCfg = Release|Any CPU
		{727CB8A5-A8D9-44EE-AE5B-462B281485F3}.Release|x86.Build.0 = Release|Any CPU
	EndGlobalSection
	GlobalSection(NestedProjects) = preSolution
		{33625D5E-9FF7-4EF8-AEBF-AF7FA37A7BB7} = {27576DED-BB59-45A0-8C87-5D358F9E9260}
		{727CB8A5-A8D9-44EE-AE5B-462B281485F3} = {27576DED-BB59-45A0-8C87-5D358F9E9260}
	EndGlobalSection
EndGlobal
